
Microsoft Visual Studio Solution File, Format Version 12.00
# Visual Studio Version 17
VisualStudioVersion = 17.8.34601.278
MinimumVisualStudioVersion = 10.0.40219.1
Project("{FAE04EC0-301F-11D3-BF4B-00C04F79EFBC}") = "Training", "Training\Training.csproj", "{BC0E8285-229D-4E4D-894C-51DA9E44ACE8}"
EndProject
Global
	GlobalSection(SolutionConfigurationPlatforms) = preSolution
		Debug|Any CPU = Debug|Any CPU
		Release|Any CPU = Release|Any CPU
	EndGlobalSection
	GlobalSection(ProjectConfigurationPlatforms) = postSolution
		{BC0E8285-229D-4E4D-894C-51DA9E44ACE8}.Debug|Any CPU.ActiveCfg = Debug|Any CPU
		{BC0E8285-229D-4E4D-894C-51DA9E44ACE8}.Debug|Any CPU.Build.0 = Debug|Any CPU
		{BC0E8285-229D-4E4D-894C-51DA9E44ACE8}.Release|Any CPU.ActiveCfg = Release|Any CPU
		{BC0E8285-229D-4E4D-894C-51DA9E44ACE8}.Release|Any CPU.Build.0 = Release|Any CPU
	EndGlobalSection
	GlobalSection(SolutionProperties) = preSolution
		HideSolutionNode = FALSE
	EndGlobalSection
	GlobalSection(ExtensibilityGlobals) = postSolution
		SolutionGuid = {5AC9F5FD-C80A-4D59-B9B7-54358D27534B}
	EndGlobalSection
EndGlobal
